{
  "name": "tsc-watch-should-ignore-files-without-extension",
  "version": "1.0.0",
  "lockfileVersion": 2,
  "requires": true,
  "packages": {
    "": {
      "name": "tsc-watch-should-ignore-files-without-extension",
      "version": "1.0.0",
      "license": "0BSD",
      "devDependencies": {
        "typescript": "^4.6.0-dev.20211126"
      }
    },
    "node_modules/typescript": {
      "version": "4.6.0-dev.20211126",
      "resolved": "https://registry.npmjs.org/typescript/-/typescript-4.6.0-dev.20211126.tgz",
      "integrity": "sha512-m+LKstqVv6FYW363aIbO6bm8awsLbeSUCzU6FxPtzUF/WJkFieQfYmdVwEIzigeTpw4E2GETBXnk6P6AixcQJQ==",
      "dev": true,
      "bin": {
        "tsc": "bin/tsc",
        "tsserver": "bin/tsserver"
      },
      "engines": {
        "node": ">=4.2.0"
      }
    }
  },
  "dependencies": {
    "typescript": {
      "version": "4.6.0-dev.20211126",
      "resolved": "https://registry.npmjs.org/typescript/-/typescript-4.6.0-dev.20211126.tgz",
      "integrity": "sha512-m+LKstqVv6FYW363aIbO6bm8awsLbeSUCzU6FxPtzUF/WJkFieQfYmdVwEIzigeTpw4E2GETBXnk6P6AixcQJQ==",
      "dev": true
    }
  }
}
